// !$*UTF8*$!
{
	archiveVersion = 1;
	classes = {
	};
	objectVersion = 50;
	objects = {

/* Begin PBXBuildFile section */
		7611CE5821903297008F2AA2 /* MainViewController.swift in Sources */ = {isa = PBXBuildFile; fileRef = 7611CE5721903297008F2AA2 /* MainViewController.swift */; };
		7611CE5E219135E0008F2AA2 /* DetailViewModel.swift in Sources */ = {isa = PBXBuildFile; fileRef = 7611CE5D219135E0008F2AA2 /* DetailViewModel.swift */; };
		7611CE6221914901008F2AA2 /* MeterView.xib in Resources */ = {isa = PBXBuildFile; fileRef = 7611CE6121914901008F2AA2 /* MeterView.xib */; };
		7611CE64219172E4008F2AA2 /* NavigationController.swift in Sources */ = {isa = PBXBuildFile; fileRef = 7611CE63219172E4008F2AA2 /* NavigationController.swift */; };
		76A29311218960C8005CB988 /* UploadTestData.txt in Resources */ = {isa = PBXBuildFile; fileRef = 76A29310218960C8005CB988 /* UploadTestData.txt */; };
		76A2931321898D3F005CB988 /* MeterView.swift in Sources */ = {isa = PBXBuildFile; fileRef = 76A2931221898D3F005CB988 /* MeterView.swift */; };
		77EEFD52331475EF5A6C7569 /* Pods_NetSpeedroad.framework in Frameworks */ = {isa = PBXBuildFile; fileRef = 39F4F8A4E5205AE6BB3EF112 /* Pods_NetSpeedroad.framework */; };
		A3306F5A21806CE900EE13FE /* AppDelegate.swift in Sources */ = {isa = PBXBuildFile; fileRef = A3306F5921806CE900EE13FE /* AppDelegate.swift */; };
		A3306F5C21806CE900EE13FE /* DetailViewController.swift in Sources */ = {isa = PBXBuildFile; fileRef = A3306F5B21806CE900EE13FE /* DetailViewController.swift */; };
		A3306F5F21806CE900EE13FE /* Main.storyboard in Resources */ = {isa = PBXBuildFile; fileRef = A3306F5D21806CE900EE13FE /* Main.storyboard */; };
		A3306F6121806D0000EE13FE /* Assets.xcassets in Resources */ = {isa = PBXBuildFile; fileRef = A3306F6021806D0000EE13FE /* Assets.xcassets */; };
		A3306F6421806D0000EE13FE /* LaunchScreen.storyboard in Resources */ = {isa = PBXBuildFile; fileRef = A3306F6221806D0000EE13FE /* LaunchScreen.storyboard */; };
		A3306F6D21806FF800EE13FE /* Utils.swift in Sources */ = {isa = PBXBuildFile; fileRef = A3306F6C21806FF800EE13FE /* Utils.swift */; };
		A3306F732180709600EE13FE /* RunsNetSpeedMeasurer.m in Sources */ = {isa = PBXBuildFile; fileRef = A3306F712180709600EE13FE /* RunsNetSpeedMeasurer.m */; };
		A3306F75218070E300EE13FE /* MainViewModel.swift in Sources */ = {isa = PBXBuildFile; fileRef = A3306F74218070E300EE13FE /* MainViewModel.swift */; };
/* End PBXBuildFile section */

/* Begin PBXFileReference section */
		39F4F8A4E5205AE6BB3EF112 /* Pods_NetSpeedroad.framework */ = {isa = PBXFileReference; explicitFileType = wrapper.framework; includeInIndex = 0; path = Pods_NetSpeedroad.framework; sourceTree = BUILT_PRODUCTS_DIR; };
		63A36D7B226CE54E88A1CC7F /* Pods-NetSpeedroad.release.xcconfig */ = {isa = PBXFileReference; includeInIndex = 1; lastKnownFileType = text.xcconfig; name = "Pods-NetSpeedroad.release.xcconfig"; path = "Pods/Target Support Files/Pods-NetSpeedroad/Pods-NetSpeedroad.release.xcconfig"; sourceTree = "<group>"; };
		7611CE5721903297008F2AA2 /* MainViewController.swift */ = {isa = PBXFileReference; lastKnownFileType = sourcecode.swift; path = MainViewController.swift; sourceTree = "<group>"; };
		7611CE5D219135E0008F2AA2 /* DetailViewModel.swift */ = {isa = PBXFileReference; lastKnownFileType = sourcecode.swift; path = DetailViewModel.swift; sourceTree = "<group>"; };
		7611CE6121914901008F2AA2 /* MeterView.xib */ = {isa = PBXFileReference; lastKnownFileType = file.xib; path = MeterView.xib; sourceTree = "<group>"; };
		7611CE63219172E4008F2AA2 /* NavigationController.swift */ = {isa = PBXFileReference; lastKnownFileType = sourcecode.swift; path = NavigationController.swift; sourceTree = "<group>"; };
		76A29310218960C8005CB988 /* UploadTestData.txt */ = {isa = PBXFileReference; fileEncoding = 4; lastKnownFileType = text; path = UploadTestData.txt; sourceTree = "<group>"; };
		76A2931221898D3F005CB988 /* MeterView.swift */ = {isa = PBXFileReference; lastKnownFileType = sourcecode.swift; path = MeterView.swift; sourceTree = "<group>"; };
		883E494C7F53552A656C2BBC /* Pods-NetSpeedroad.debug.xcconfig */ = {isa = PBXFileReference; includeInIndex = 1; lastKnownFileType = text.xcconfig; name = "Pods-NetSpeedroad.debug.xcconfig"; path = "Pods/Target Support Files/Pods-NetSpeedroad/Pods-NetSpeedroad.debug.xcconfig"; sourceTree = "<group>"; };
		A3306F5621806CE900EE13FE /* NetSpeedroad.app */ = {isa = PBXFileReference; explicitFileType = wrapper.application; includeInIndex = 0; path = NetSpeedroad.app; sourceTree = BUILT_PRODUCTS_DIR; };
		A3306F5921806CE900EE13FE /* AppDelegate.swift */ = {isa = PBXFileReference; lastKnownFileType = sourcecode.swift; path = AppDelegate.swift; sourceTree = "<group>"; };
		A3306F5B21806CE900EE13FE /* DetailViewController.swift */ = {isa = PBXFileReference; lastKnownFileType = sourcecode.swift; path = DetailViewController.swift; sourceTree = "<group>"; };
		A3306F5E21806CE900EE13FE /* Base */ = {isa = PBXFileReference; lastKnownFileType = file.storyboard; name = Base; path = Base.lproj/Main.storyboard; sourceTree = "<group>"; };
		A3306F6021806D0000EE13FE /* Assets.xcassets */ = {isa = PBXFileReference; lastKnownFileType = folder.assetcatalog; path = Assets.xcassets; sourceTree = "<group>"; };
		A3306F6321806D0000EE13FE /* Base */ = {isa = PBXFileReference; lastKnownFileType = file.storyboard; name = Base; path = Base.lproj/LaunchScreen.storyboard; sourceTree = "<group>"; };
		A3306F6521806D0000EE13FE /* Info.plist */ = {isa = PBXFileReference; lastKnownFileType = text.plist.xml; path = Info.plist; sourceTree = "<group>"; };
		A3306F6C21806FF800EE13FE /* Utils.swift */ = {isa = PBXFileReference; fileEncoding = 4; lastKnownFileType = sourcecode.swift; path = Utils.swift; sourceTree = "<group>"; };
		A3306F6E2180703D00EE13FE /* NetSpeedroad-Bridging-Header.h */ = {isa = PBXFileReference; lastKnownFileType = sourcecode.c.h; path = "NetSpeedroad-Bridging-Header.h"; sourceTree = "<group>"; };
		A3306F712180709600EE13FE /* RunsNetSpeedMeasurer.m */ = {isa = PBXFileReference; fileEncoding = 4; lastKnownFileType = sourcecode.c.objc; path = RunsNetSpeedMeasurer.m; sourceTree = "<group>"; };
		A3306F722180709600EE13FE /* RunsNetSpeedMeasurer.h */ = {isa = PBXFileReference; fileEncoding = 4; lastKnownFileType = sourcecode.c.h; path = RunsNetSpeedMeasurer.h; sourceTree = "<group>"; };
		A3306F74218070E300EE13FE /* MainViewModel.swift */ = {isa = PBXFileReference; lastKnownFileType = sourcecode.swift; path = MainViewModel.swift; sourceTree = "<group>"; };
/* End PBXFileReference section */

/* Begin PBXFrameworksBuildPhase section */
		A3306F5321806CE900EE13FE /* Frameworks */ = {
			isa = PBXFrameworksBuildPhase;
			buildActionMask = 2147483647;
			files = (
				77EEFD52331475EF5A6C7569 /* Pods_NetSpeedroad.framework in Frameworks */,
			);
			runOnlyForDeploymentPostprocessing = 0;
		};
/* End PBXFrameworksBuildPhase section */

/* Begin PBXGroup section */
		0832E410D40B51D1899E043D /* Pods */ = {
			isa = PBXGroup;
			children = (
				883E494C7F53552A656C2BBC /* Pods-NetSpeedroad.debug.xcconfig */,
				63A36D7B226CE54E88A1CC7F /* Pods-NetSpeedroad.release.xcconfig */,
			);
			name = Pods;
			sourceTree = "<group>";
		};
		1F0A3241542A47D413C7A313 /* Frameworks */ = {
			isa = PBXGroup;
			children = (
				39F4F8A4E5205AE6BB3EF112 /* Pods_NetSpeedroad.framework */,
			);
			name = Frameworks;
			sourceTree = "<group>";
		};
		7611CE59219052CD008F2AA2 /* ViewModels */ = {
			isa = PBXGroup;
			children = (
				A3306F74218070E300EE13FE /* MainViewModel.swift */,
				7611CE5D219135E0008F2AA2 /* DetailViewModel.swift */,
			);
			path = ViewModels;
			sourceTree = "<group>";
		};
		7611CE5A219052DD008F2AA2 /* ViewControllers */ = {
			isa = PBXGroup;
			children = (
				7611CE5721903297008F2AA2 /* MainViewController.swift */,
				A3306F5B21806CE900EE13FE /* DetailViewController.swift */,
				7611CE63219172E4008F2AA2 /* NavigationController.swift */,
			);
			path = ViewControllers;
			sourceTree = "<group>";
		};
		7611CE5B219052E9008F2AA2 /* Views */ = {
			isa = PBXGroup;
			children = (
				76A2931221898D3F005CB988 /* MeterView.swift */,
				7611CE6121914901008F2AA2 /* MeterView.xib */,
			);
			path = Views;
			sourceTree = "<group>";
		};
		7611CE5C21905502008F2AA2 /* Others */ = {
			isa = PBXGroup;
			children = (
				A3306F6521806D0000EE13FE /* Info.plist */,
				A3306F6221806D0000EE13FE /* LaunchScreen.storyboard */,
				A3306F5921806CE900EE13FE /* AppDelegate.swift */,
				A3306F6E2180703D00EE13FE /* NetSpeedroad-Bridging-Header.h */,
			);
			path = Others;
			sourceTree = "<group>";
		};
		A3306F4D21806CE900EE13FE = {
			isa = PBXGroup;
			children = (
				A3306F5821806CE900EE13FE /* NetSpeedroad */,
				A3306F5721806CE900EE13FE /* Products */,
				0832E410D40B51D1899E043D /* Pods */,
				1F0A3241542A47D413C7A313 /* Frameworks */,
			);
			sourceTree = "<group>";
		};
		A3306F5721806CE900EE13FE /* Products */ = {
			isa = PBXGroup;
			children = (
				A3306F5621806CE900EE13FE /* NetSpeedroad.app */,
			);
			name = Products;
			sourceTree = "<group>";
		};
		A3306F5821806CE900EE13FE /* NetSpeedroad */ = {
			isa = PBXGroup;
			children = (
				A3306F5D21806CE900EE13FE /* Main.storyboard */,
				7611CE5B219052E9008F2AA2 /* Views */,
				7611CE59219052CD008F2AA2 /* ViewModels */,
				7611CE5A219052DD008F2AA2 /* ViewControllers */,
				A3306F6B21806FDC00EE13FE /* Utils */,
				7611CE5C21905502008F2AA2 /* Others */,
				A3306F6021806D0000EE13FE /* Assets.xcassets */,
			);
			path = NetSpeedroad;
			sourceTree = "<group>";
		};
		A3306F6B21806FDC00EE13FE /* Utils */ = {
			isa = PBXGroup;
			children = (
				76A29310218960C8005CB988 /* UploadTestData.txt */,
				A3306F722180709600EE13FE /* RunsNetSpeedMeasurer.h */,
				A3306F712180709600EE13FE /* RunsNetSpeedMeasurer.m */,
				A3306F6C21806FF800EE13FE /* Utils.swift */,
			);
			path = Utils;
			sourceTree = "<group>";
		};
/* End PBXGroup section */

/* Begin PBXNativeTarget section */
		A3306F5521806CE900EE13FE /* NetSpeedroad */ = {
			isa = PBXNativeTarget;
			buildConfigurationList = A3306F6821806D0000EE13FE /* Build configuration list for PBXNativeTarget "NetSpeedroad" */;
			buildPhases = (
				FC3EC3543E02359C9BE75423 /* [CP] Check Pods Manifest.lock */,
				A3306F5221806CE900EE13FE /* Sources */,
				A3306F5321806CE900EE13FE /* Frameworks */,
				A3306F5421806CE900EE13FE /* Resources */,
				3DAF6EE103909A8104D34652 /* [CP] Embed Pods Frameworks */,
			);
			buildRules = (
			);
			dependencies = (
			);
			name = NetSpeedroad;
			productName = NetSpeedroad;
			productReference = A3306F5621806CE900EE13FE /* NetSpeedroad.app */;
			productType = "com.apple.product-type.application";
		};
/* End PBXNativeTarget section */

/* Begin PBXProject section */
		A3306F4E21806CE900EE13FE /* Project object */ = {
			isa = PBXProject;
			attributes = {
				LastSwiftUpdateCheck = 1000;
				LastUpgradeCheck = 1000;
				ORGANIZATIONNAME = Sunny;
				TargetAttributes = {
					A3306F5521806CE900EE13FE = {
						CreatedOnToolsVersion = 10.0;
						LastSwiftMigration = 1000;
					};
				};
			};
			buildConfigurationList = A3306F5121806CE900EE13FE /* Build configuration list for PBXProject "NetSpeedroad" */;
			compatibilityVersion = "Xcode 9.3";
			developmentRegion = en;
			hasScannedForEncodings = 0;
			knownRegions = (
				en,
				Base,
			);
			mainGroup = A3306F4D21806CE900EE13FE;
			productRefGroup = A3306F5721806CE900EE13FE /* Products */;
			projectDirPath = "";
			projectRoot = "";
			targets = (
				A3306F5521806CE900EE13FE /* NetSpeedroad */,
			);
		};
/* End PBXProject section */

/* Begin PBXResourcesBuildPhase section */
		A3306F5421806CE900EE13FE /* Resources */ = {
			isa = PBXResourcesBuildPhase;
			buildActionMask = 2147483647;
			files = (
				A3306F6421806D0000EE13FE /* LaunchScreen.storyboard in Resources */,
				A3306F6121806D0000EE13FE /* Assets.xcassets in Resources */,
				7611CE6221914901008F2AA2 /* MeterView.xib in Resources */,
				A3306F5F21806CE900EE13FE /* Main.storyboard in Resources */,
				76A29311218960C8005CB988 /* UploadTestData.txt in Resources */,
			);
			runOnlyForDeploymentPostprocessing = 0;
		};
/* End PBXResourcesBuildPhase section */

/* Begin PBXShellScriptBuildPhase section */
		3DAF6EE103909A8104D34652 /* [CP] Embed Pods Frameworks */ = {
			isa = PBXShellScriptBuildPhase;
			buildActionMask = 2147483647;
			files = (
			);
			inputFileListPaths = (
			);
			inputPaths = (
				"${SRCROOT}/Pods/Target Support Files/Pods-NetSpeedroad/Pods-NetSpeedroad-frameworks.sh",
				"${BUILT_PRODUCTS_DIR}/PlainPing/PlainPing.framework",
				"${BUILT_PRODUCTS_DIR}/ReachabilitySwift/Reachability.framework",
				"${BUILT_PRODUCTS_DIR}/SNYKit/SNYKit.framework",
			);
			name = "[CP] Embed Pods Frameworks";
			outputFileListPaths = (
			);
			outputPaths = (
				"${TARGET_BUILD_DIR}/${FRAMEWORKS_FOLDER_PATH}/PlainPing.framework",
				"${TARGET_BUILD_DIR}/${FRAMEWORKS_FOLDER_PATH}/Reachability.framework",
				"${TARGET_BUILD_DIR}/${FRAMEWORKS_FOLDER_PATH}/SNYKit.framework",
			);
			runOnlyForDeploymentPostprocessing = 0;
			shellPath = /bin/sh;
			shellScript = "\"${SRCROOT}/Pods/Target Support Files/Pods-NetSpeedroad/Pods-NetSpeedroad-frameworks.sh\"\n";
			showEnvVarsInLog = 0;
		};
		FC3EC3543E02359C9BE75423 /* [CP] Check Pods Manifest.lock */ = {
			isa = PBXShellScriptBuildPhase;
			buildActionMask = 2147483647;
			files = (
			);
			inputFileListPaths = (
			);
			inputPaths = (
				"${PODS_PODFILE_DIR_PATH}/Podfile.lock",
				"${PODS_ROOT}/Manifest.lock",
			);
			name = "[CP] Check Pods Manifest.lock";
			outputFileListPaths = (
			);
			outputPaths = (
				"$(DERIVED_FILE_DIR)/Pods-NetSpeedroad-checkManifestLockResult.txt",
			);
			runOnlyForDeploymentPostprocessing = 0;
			shellPath = /bin/sh;
			shellScript = "diff \"${PODS_PODFILE_DIR_PATH}/Podfile.lock\" \"${PODS_ROOT}/Manifest.lock\" > /dev/null\nif [ $? != 0 ] ; then\n    # print error to STDERR\n    echo \"error: The sandbox is not in sync with the Podfile.lock. Run 'pod install' or update your CocoaPods installation.\" >&2\n    exit 1\nfi\n# This output is used by Xcode 'outputs' to avoid re-running this script phase.\necho \"SUCCESS\" > \"${SCRIPT_OUTPUT_FILE_0}\"\n";
			showEnvVarsInLog = 0;
		};
/* End PBXShellScriptBuildPhase section */

/* Begin PBXSourcesBuildPhase section */
		A3306F5221806CE900EE13FE /* Sources */ = {
			isa = PBXSourcesBuildPhase;
			buildActionMask = 2147483647;
			files = (
				A3306F75218070E300EE13FE /* MainViewModel.swift in Sources */,
				A3306F5C21806CE900EE13FE /* DetailViewController.swift in Sources */,
				7611CE5821903297008F2AA2 /* MainViewController.swift in Sources */,
				76A2931321898D3F005CB988 /* MeterView.swift in Sources */,
				7611CE64219172E4008F2AA2 /* NavigationController.swift in Sources */,
				A3306F732180709600EE13FE /* RunsNetSpeedMeasurer.m in Sources */,
				A3306F5A21806CE900EE13FE /* AppDelegate.swift in Sources */,
				A3306F6D21806FF800EE13FE /* Utils.swift in Sources */,
				7611CE5E219135E0008F2AA2 /* DetailViewModel.swift in Sources */,
			);
			runOnlyForDeploymentPostprocessing = 0;
		};
/* End PBXSourcesBuildPhase section */

/* Begin PBXVariantGroup section */
		A3306F5D21806CE900EE13FE /* Main.storyboard */ = {
			isa = PBXVariantGroup;
			children = (
				A3306F5E21806CE900EE13FE /* Base */,
			);
			name = Main.storyboard;
			sourceTree = "<group>";
		};
		A3306F6221806D0000EE13FE /* LaunchScreen.storyboard */ = {
			isa = PBXVariantGroup;
			children = (
				A3306F6321806D0000EE13FE /* Base */,
			);
			name = LaunchScreen.storyboard;
			sourceTree = "<group>";
		};
/* End PBXVariantGroup section */

/* Begin XCBuildConfiguration section */
		A3306F6621806D0000EE13FE /* Debug */ = {
			isa = XCBuildConfiguration;
			buildSettings = {
				ALWAYS_SEARCH_USER_PATHS = NO;
				CLANG_ANALYZER_NONNULL = YES;
				CLANG_ANALYZER_NUMBER_OBJECT_CONVERSION = YES_AGGRESSIVE;
				CLANG_CXX_LANGUAGE_STANDARD = "gnu++14";
				CLANG_CXX_LIBRARY = "libc++";
				CLANG_ENABLE_MODULES = YES;
				CLANG_ENABLE_OBJC_ARC = YES;
				CLANG_ENABLE_OBJC_WEAK = YES;
				CLANG_WARN_BLOCK_CAPTURE_AUTORELEASING = YES;
				CLANG_WARN_BOOL_CONVERSION = YES;
				CLANG_WARN_COMMA = YES;
				CLANG_WARN_CONSTANT_CONVERSION = YES;
				CLANG_WARN_DEPRECATED_OBJC_IMPLEMENTATIONS = YES;
				CLANG_WARN_DIRECT_OBJC_ISA_USAGE = YES_ERROR;
				CLANG_WARN_DOCUMENTATION_COMMENTS = YES;
				CLANG_WARN_EMPTY_BODY = YES;
				CLANG_WARN_ENUM_CONVERSION = YES;
				CLANG_WARN_INFINITE_RECURSION = YES;
				CLANG_WARN_INT_CONVERSION = YES;
				CLANG_WARN_NON_LITERAL_NULL_CONVERSION = YES;
				CLANG_WARN_OBJC_IMPLICIT_RETAIN_SELF = YES;
				CLANG_WARN_OBJC_LITERAL_CONVERSION = YES;
				CLANG_WARN_OBJC_ROOT_CLASS = YES_ERROR;
				CLANG_WARN_RANGE_LOOP_ANALYSIS = YES;
				CLANG_WARN_STRICT_PROTOTYPES = YES;
				CLANG_WARN_SUSPICIOUS_MOVE = YES;
				CLANG_WARN_UNGUARDED_AVAILABILITY = YES_AGGRESSIVE;
				CLANG_WARN_UNREACHABLE_CODE = YES;
				CLANG_WARN__DUPLICATE_METHOD_MATCH = YES;
				CODE_SIGN_IDENTITY = "iPhone Developer";
				COPY_PHASE_STRIP = NO;
				DEBUG_INFORMATION_FORMAT = dwarf;
				ENABLE_STRICT_OBJC_MSGSEND = YES;
				ENABLE_TESTABILITY = YES;
				GCC_C_LANGUAGE_STANDARD = gnu11;
				GCC_DYNAMIC_NO_PIC = NO;
				GCC_NO_COMMON_BLOCKS = YES;
				GCC_OPTIMIZATION_LEVEL = 0;
				GCC_PREPROCESSOR_DEFINITIONS = (
					"DEBUG=1",
					"$(inherited)",
				);
				GCC_WARN_64_TO_32_BIT_CONVERSION = YES;
				GCC_WARN_ABOUT_RETURN_TYPE = YES_ERROR;
				GCC_WARN_UNDECLARED_SELECTOR = YES;
				GCC_WARN_UNINITIALIZED_AUTOS = YES_AGGRESSIVE;
				GCC_WARN_UNUSED_FUNCTION = YES;
				GCC_WARN_UNUSED_VARIABLE = YES;
				IPHONEOS_DEPLOYMENT_TARGET = 12.0;
				MTL_ENABLE_DEBUG_INFO = INCLUDE_SOURCE;
				MTL_FAST_MATH = YES;
				ONLY_ACTIVE_ARCH = YES;
				SDKROOT = iphoneos;
				SWIFT_ACTIVE_COMPILATION_CONDITIONS = DEBUG;
				SWIFT_OPTIMIZATION_LEVEL = "-Onone";
			};
			name = Debug;
		};
		A3306F6721806D0000EE13FE /* Release */ = {
			isa = XCBuildConfiguration;
			buildSettings = {
				ALWAYS_SEARCH_USER_PATHS = NO;
				CLANG_ANALYZER_NONNULL = YES;
				CLANG_ANALYZER_NUMBER_OBJECT_CONVERSION = YES_AGGRESSIVE;
				CLANG_CXX_LANGUAGE_STANDARD = "gnu++14";
				CLANG_CXX_LIBRARY = "libc++";
				CLANG_ENABLE_MODULES = YES;
				CLANG_ENABLE_OBJC_ARC = YES;
				CLANG_ENABLE_OBJC_WEAK = YES;
				CLANG_WARN_BLOCK_CAPTURE_AUTORELEASING = YES;
				CLANG_WARN_BOOL_CONVERSION = YES;
				CLANG_WARN_COMMA = YES;
				CLANG_WARN_CONSTANT_CONVERSION = YES;
				CLANG_WARN_DEPRECATED_OBJC_IMPLEMENTATIONS = YES;
				CLANG_WARN_DIRECT_OBJC_ISA_USAGE = YES_ERROR;
				CLANG_WARN_DOCUMENTATION_COMMENTS = YES;
				CLANG_WARN_EMPTY_BODY = YES;
				CLANG_WARN_ENUM_CONVERSION = YES;
				CLANG_WARN_INFINITE_RECURSION = YES;
				CLANG_WARN_INT_CONVERSION = YES;
				CLANG_WARN_NON_LITERAL_NULL_CONVERSION = YES;
				CLANG_WARN_OBJC_IMPLICIT_RETAIN_SELF = YES;
				CLANG_WARN_OBJC_LITERAL_CONVERSION = YES;
				CLANG_WARN_OBJC_ROOT_CLASS = YES_ERROR;
				CLANG_WARN_RANGE_LOOP_ANALYSIS = YES;
				CLANG_WARN_STRICT_PROTOTYPES = YES;
				CLANG_WARN_SUSPICIOUS_MOVE = YES;
				CLANG_WARN_UNGUARDED_AVAILABILITY = YES_AGGRESSIVE;
				CLANG_WARN_UNREACHABLE_CODE = YES;
				CLANG_WARN__DUPLICATE_METHOD_MATCH = YES;
				CODE_SIGN_IDENTITY = "iPhone Developer";
				COPY_PHASE_STRIP = NO;
				DEBUG_INFORMATION_FORMAT = "dwarf-with-dsym";
				ENABLE_NS_ASSERTIONS = NO;
				ENABLE_STRICT_OBJC_MSGSEND = YES;
				GCC_C_LANGUAGE_STANDARD = gnu11;
				GCC_NO_COMMON_BLOCKS = YES;
				GCC_WARN_64_TO_32_BIT_CONVERSION = YES;
				GCC_WARN_ABOUT_RETURN_TYPE = YES_ERROR;
				GCC_WARN_UNDECLARED_SELECTOR = YES;
				GCC_WARN_UNINITIALIZED_AUTOS = YES_AGGRESSIVE;
				GCC_WARN_UNUSED_FUNCTION = YES;
				GCC_WARN_UNUSED_VARIABLE = YES;
				IPHONEOS_DEPLOYMENT_TARGET = 12.0;
				MTL_ENABLE_DEBUG_INFO = NO;
				MTL_FAST_MATH = YES;
				SDKROOT = iphoneos;
				SWIFT_COMPILATION_MODE = wholemodule;
				SWIFT_OPTIMIZATION_LEVEL = "-O";
				VALIDATE_PRODUCT = YES;
			};
			name = Release;
		};
		A3306F6921806D0000EE13FE /* Debug */ = {
			isa = XCBuildConfiguration;
			baseConfigurationReference = 883E494C7F53552A656C2BBC /* Pods-NetSpeedroad.debug.xcconfig */;
			buildSettings = {
				ASSETCATALOG_COMPILER_APPICON_NAME = AppIcon;
				CLANG_ENABLE_MODULES = YES;
				CODE_SIGN_STYLE = Manual;
				DEVELOPMENT_TEAM = 5437SLU6K6;
				INFOPLIST_FILE = NetSpeedroad/Others/Info.plist;
				IPHONEOS_DEPLOYMENT_TARGET = 9.0;
				LD_RUNPATH_SEARCH_PATHS = (
					"$(inherited)",
					"@executable_path/Frameworks",
				);
				PRODUCT_BUNDLE_IDENTIFIER = com.nuggets.netspeedroad;
				PRODUCT_NAME = "$(TARGET_NAME)";
				PROVISIONING_PROFILE_SPECIFIER = NetSpeedroad_dev;
				SWIFT_OBJC_BRIDGING_HEADER = "NetSpeedroad/Others/NetSpeedroad-Bridging-Header.h";
				SWIFT_OPTIMIZATION_LEVEL = "-Onone";
				SWIFT_VERSION = 4.2;
				TARGETED_DEVICE_FAMILY = 1;
			};
			name = Debug;
		};
		A3306F6A21806D0000EE13FE /* Release */ = {
			isa = XCBuildConfiguration;
			baseConfigurationReference = 63A36D7B226CE54E88A1CC7F /* Pods-NetSpeedroad.release.xcconfig */;
			buildSettings = {
				ASSETCATALOG_COMPILER_APPICON_NAME = AppIcon;
				CLANG_ENABLE_MODULES = YES;
				CODE_SIGN_IDENTITY = "iPhone Distribution";
				CODE_SIGN_STYLE = Manual;
				DEVELOPMENT_TEAM = 5437SLU6K6;
				INFOPLIST_FILE = NetSpeedroad/Others/Info.plist;
				IPHONEOS_DEPLOYMENT_TARGET = 9.0;
				LD_RUNPATH_SEARCH_PATHS = (
					"$(inherited)",
					"@executable_path/Frameworks",
				);
				PRODUCT_BUNDLE_IDENTIFIER = com.nuggets.netspeedroad;
				PRODUCT_NAME = "$(TARGET_NAME)";
				PROVISIONING_PROFILE_SPECIFIER = NetSpeedroad_hoc;
				SWIFT_OBJC_BRIDGING_HEADER = "NetSpeedroad/Others/NetSpeedroad-Bridging-Header.h";
				SWIFT_VERSION = 4.2;
				TARGETED_DEVICE_FAMILY = 1;
			};
			name = Release;
		};
/* End XCBuildConfiguration section */

/* Begin XCConfigurationList section */
		A3306F5121806CE900EE13FE /* Build configuration list for PBXProject "NetSpeedroad" */ = {
			isa = XCConfigurationList;
			buildConfigurations = (
				A3306F6621806D0000EE13FE /* Debug */,
				A3306F6721806D0000EE13FE /* Release */,
			);
			defaultConfigurationIsVisible = 0;
			defaultConfigurationName = Release;
		};
		A3306F6821806D0000EE13FE /* Build configuration list for PBXNativeTarget "NetSpeedroad" */ = {
			isa = XCConfigurationList;
			buildConfigurations = (
				A3306F6921806D0000EE13FE /* Debug */,
				A3306F6A21806D0000EE13FE /* Release */,
			);
			defaultConfigurationIsVisible = 0;
			defaultConfigurationName = Release;
		};
/* End XCConfigurationList section */
	};
	rootObject = A3306F4E21806CE900EE13FE /* Project object */;
}
